// !$*UTF8*$!
{
	archiveVersion = 1;
	classes = {
	};
	objectVersion = 50;
	objects = {

/* Begin PBXBuildFile section */
		BEC430CA227C041300AE4A9D /* mazer.cpp in Sources */ = {isa = PBXBuildFile; fileRef = BEC430C9227C041300AE4A9D /* mazer.cpp */; };
		BEC430D2227C047600AE4A9D /* MazeGame.cpp in Sources */ = {isa = PBXBuildFile; fileRef = BEC430D0227C047600AE4A9D /* MazeGame.cpp */; };
		BEC430D5227C050000AE4A9D /* Cell.cpp in Sources */ = {isa = PBXBuildFile; fileRef = BEC430D3227C050000AE4A9D /* Cell.cpp */; };
		BEF3CF30227F393300E8FE7D /* GTreeAndBRecursive.cpp in Sources */ = {isa = PBXBuildFile; fileRef = BEF3CF2E227F393300E8FE7D /* GTreeAndBRecursive.cpp */; };
		BEF3CF33227F424C00E8FE7D /* Prim.cpp in Sources */ = {isa = PBXBuildFile; fileRef = BEF3CF31227F424C00E8FE7D /* Prim.cpp */; };
		BEF3CF8A228458BD00E8FE7D /* Timer.cpp in Sources */ = {isa = PBXBuildFile; fileRef = BEF3CF88228458BD00E8FE7D /* Timer.cpp */; };
/* End PBXBuildFile section */

/* Begin PBXCopyFilesBuildPhase section */
		BEC430C4227C041200AE4A9D /* CopyFiles */ = {
			isa = PBXCopyFilesBuildPhase;
			buildActionMask = 2147483647;
			dstPath = /usr/share/man/man1/;
			dstSubfolderSpec = 0;
			files = (
			);
			runOnlyForDeploymentPostprocessing = 1;
		};
/* End PBXCopyFilesBuildPhase section */

/* Begin PBXFileReference section */
		BEC430C6227C041300AE4A9D /* ASM2-s3652979-C++ */ = {isa = PBXFileReference; explicitFileType = "compiled.mach-o.executable"; includeInIndex = 0; path = "ASM2-s3652979-C++"; sourceTree = BUILT_PRODUCTS_DIR; };
		BEC430C9227C041300AE4A9D /* mazer.cpp */ = {isa = PBXFileReference; lastKnownFileType = sourcecode.cpp.cpp; path = mazer.cpp; sourceTree = "<group>"; };
		BEC430D0227C047600AE4A9D /* MazeGame.cpp */ = {isa = PBXFileReference; lastKnownFileType = sourcecode.cpp.cpp; path = MazeGame.cpp; sourceTree = "<group>"; };
		BEC430D1227C047600AE4A9D /* MazeGame.hpp */ = {isa = PBXFileReference; lastKnownFileType = sourcecode.cpp.h; path = MazeGame.hpp; sourceTree = "<group>"; };
		BEC430D3227C050000AE4A9D /* Cell.cpp */ = {isa = PBXFileReference; lastKnownFileType = sourcecode.cpp.cpp; path = Cell.cpp; sourceTree = "<group>"; };
		BEC430D4227C050000AE4A9D /* Cell.hpp */ = {isa = PBXFileReference; lastKnownFileType = sourcecode.cpp.h; path = Cell.hpp; sourceTree = "<group>"; };
		BEF3CF2E227F393300E8FE7D /* GTreeAndBRecursive.cpp */ = {isa = PBXFileReference; lastKnownFileType = sourcecode.cpp.cpp; path = GTreeAndBRecursive.cpp; sourceTree = "<group>"; };
		BEF3CF2F227F393300E8FE7D /* GTreeAndBRecursive.hpp */ = {isa = PBXFileReference; lastKnownFileType = sourcecode.cpp.h; path = GTreeAndBRecursive.hpp; sourceTree = "<group>"; };
		BEF3CF31227F424C00E8FE7D /* Prim.cpp */ = {isa = PBXFileReference; lastKnownFileType = sourcecode.cpp.cpp; path = Prim.cpp; sourceTree = "<group>"; };
		BEF3CF32227F424C00E8FE7D /* Prim.hpp */ = {isa = PBXFileReference; lastKnownFileType = sourcecode.cpp.h; path = Prim.hpp; sourceTree = "<group>"; };
		BEF3CF88228458BD00E8FE7D /* Timer.cpp */ = {isa = PBXFileReference; lastKnownFileType = sourcecode.cpp.cpp; path = Timer.cpp; sourceTree = "<group>"; };
		BEF3CF89228458BD00E8FE7D /* Timer.hpp */ = {isa = PBXFileReference; lastKnownFileType = sourcecode.cpp.h; path = Timer.hpp; sourceTree = "<group>"; };
/* End PBXFileReference section */

/* Begin PBXFrameworksBuildPhase section */
		BEC430C3227C041200AE4A9D /* Frameworks */ = {
			isa = PBXFrameworksBuildPhase;
			buildActionMask = 2147483647;
			files = (
			);
			runOnlyForDeploymentPostprocessing = 0;
		};
/* End PBXFrameworksBuildPhase section */

/* Begin PBXGroup section */
		BEC430BD227C041200AE4A9D = {
			isa = PBXGroup;
			children = (
				BEC430C8227C041300AE4A9D /* ASM2-s3652979-C++ */,
				BEC430C7227C041300AE4A9D /* Products */,
			);
			sourceTree = "<group>";
		};
		BEC430C7227C041300AE4A9D /* Products */ = {
			isa = PBXGroup;
			children = (
				BEC430C6227C041300AE4A9D /* ASM2-s3652979-C++ */,
			);
			name = Products;
			sourceTree = "<group>";
		};
		BEC430C8227C041300AE4A9D /* ASM2-s3652979-C++ */ = {
			isa = PBXGroup;
			children = (
				BEC430C9227C041300AE4A9D /* mazer.cpp */,
				BEC430D0227C047600AE4A9D /* MazeGame.cpp */,
				BEC430D1227C047600AE4A9D /* MazeGame.hpp */,
				BEC430D3227C050000AE4A9D /* Cell.cpp */,
				BEC430D4227C050000AE4A9D /* Cell.hpp */,
				BEF3CF2E227F393300E8FE7D /* GTreeAndBRecursive.cpp */,
				BEF3CF2F227F393300E8FE7D /* GTreeAndBRecursive.hpp */,
				BEF3CF31227F424C00E8FE7D /* Prim.cpp */,
				BEF3CF32227F424C00E8FE7D /* Prim.hpp */,
				BEF3CF88228458BD00E8FE7D /* Timer.cpp */,
				BEF3CF89228458BD00E8FE7D /* Timer.hpp */,
			);
			path = "ASM2-s3652979-C++";
			sourceTree = "<group>";
		};
/* End PBXGroup section */

/* Begin PBXNativeTarget section */
		BEC430C5227C041200AE4A9D /* ASM2-s3652979-C++ */ = {
			isa = PBXNativeTarget;
			buildConfigurationList = BEC430CD227C041300AE4A9D /* Build configuration list for PBXNativeTarget "ASM2-s3652979-C++" */;
			buildPhases = (
				BEC430C2227C041200AE4A9D /* Sources */,
				BEC430C3227C041200AE4A9D /* Frameworks */,
				BEC430C4227C041200AE4A9D /* CopyFiles */,
			);
			buildRules = (
			);
			dependencies = (
			);
			name = "ASM2-s3652979-C++";
			productName = "ASM2-s3652979-C++";
			productReference = BEC430C6227C041300AE4A9D /* ASM2-s3652979-C++ */;
			productType = "com.apple.product-type.tool";
		};
/* End PBXNativeTarget section */

/* Begin PBXProject section */
		BEC430BE227C041200AE4A9D /* Project object */ = {
			isa = PBXProject;
			attributes = {
				LastUpgradeCheck = 1020;
				ORGANIZATIONNAME = "Toan Do";
				TargetAttributes = {
					BEC430C5227C041200AE4A9D = {
						CreatedOnToolsVersion = 10.2.1;
					};
				};
			};
			buildConfigurationList = BEC430C1227C041200AE4A9D /* Build configuration list for PBXProject "ASM2-s3652979-C++" */;
			compatibilityVersion = "Xcode 9.3";
			developmentRegion = en;
			hasScannedForEncodings = 0;
			knownRegions = (
				en,
			);
			mainGroup = BEC430BD227C041200AE4A9D;
			productRefGroup = BEC430C7227C041300AE4A9D /* Products */;
			projectDirPath = "";
			projectRoot = "";
			targets = (
				BEC430C5227C041200AE4A9D /* ASM2-s3652979-C++ */,
			);
		};
/* End PBXProject section */

/* Begin PBXSourcesBuildPhase section */
		BEC430C2227C041200AE4A9D /* Sources */ = {
			isa = PBXSourcesBuildPhase;
			buildActionMask = 2147483647;
			files = (
				BEC430D5227C050000AE4A9D /* Cell.cpp in Sources */,
				BEF3CF30227F393300E8FE7D /* GTreeAndBRecursive.cpp in Sources */,
				BEC430D2227C047600AE4A9D /* MazeGame.cpp in Sources */,
				BEF3CF8A228458BD00E8FE7D /* Timer.cpp in Sources */,
				BEC430CA227C041300AE4A9D /* mazer.cpp in Sources */,
				BEF3CF33227F424C00E8FE7D /* Prim.cpp in Sources */,
			);
			runOnlyForDeploymentPostprocessing = 0;
		};
/* End PBXSourcesBuildPhase section */

/* Begin XCBuildConfiguration section */
		BEC430CB227C041300AE4A9D /* Debug */ = {
			isa = XCBuildConfiguration;
			buildSettings = {
				ALWAYS_SEARCH_USER_PATHS = NO;
				CLANG_ANALYZER_NONNULL = YES;
				CLANG_ANALYZER_NUMBER_OBJECT_CONVERSION = YES_AGGRESSIVE;
				CLANG_CXX_LANGUAGE_STANDARD = "gnu++14";
				CLANG_CXX_LIBRARY = "libc++";
				CLANG_ENABLE_MODULES = YES;
				CLANG_ENABLE_OBJC_ARC = YES;
				CLANG_ENABLE_OBJC_WEAK = YES;
				CLANG_WARN_BLOCK_CAPTURE_AUTORELEASING = YES;
				CLANG_WARN_BOOL_CONVERSION = YES;
				CLANG_WARN_COMMA = YES;
				CLANG_WARN_CONSTANT_CONVERSION = YES;
				CLANG_WARN_DEPRECATED_OBJC_IMPLEMENTATIONS = YES;
				CLANG_WARN_DIRECT_OBJC_ISA_USAGE = YES_ERROR;
				CLANG_WARN_DOCUMENTATION_COMMENTS = YES;
				CLANG_WARN_EMPTY_BODY = YES;
				CLANG_WARN_ENUM_CONVERSION = YES;
				CLANG_WARN_INFINITE_RECURSION = YES;
				CLANG_WARN_INT_CONVERSION = YES;
				CLANG_WARN_NON_LITERAL_NULL_CONVERSION = YES;
				CLANG_WARN_OBJC_IMPLICIT_RETAIN_SELF = YES;
				CLANG_WARN_OBJC_LITERAL_CONVERSION = YES;
				CLANG_WARN_OBJC_ROOT_CLASS = YES_ERROR;
				CLANG_WARN_RANGE_LOOP_ANALYSIS = YES;
				CLANG_WARN_STRICT_PROTOTYPES = YES;
				CLANG_WARN_SUSPICIOUS_MOVE = YES;
				CLANG_WARN_UNGUARDED_AVAILABILITY = YES_AGGRESSIVE;
				CLANG_WARN_UNREACHABLE_CODE = YES;
				CLANG_WARN__DUPLICATE_METHOD_MATCH = YES;
				CODE_SIGN_IDENTITY = "Mac Developer";
				COPY_PHASE_STRIP = NO;
				DEBUG_INFORMATION_FORMAT = dwarf;
				ENABLE_STRICT_OBJC_MSGSEND = YES;
				ENABLE_TESTABILITY = YES;
				GCC_C_LANGUAGE_STANDARD = gnu11;
				GCC_DYNAMIC_NO_PIC = NO;
				GCC_NO_COMMON_BLOCKS = YES;
				GCC_OPTIMIZATION_LEVEL = 0;
				GCC_PREPROCESSOR_DEFINITIONS = (
					"DEBUG=1",
					"$(inherited)",
				);
				GCC_WARN_64_TO_32_BIT_CONVERSION = YES;
				GCC_WARN_ABOUT_RETURN_TYPE = YES_ERROR;
				GCC_WARN_UNDECLARED_SELECTOR = YES;
				GCC_WARN_UNINITIALIZED_AUTOS = YES_AGGRESSIVE;
				GCC_WARN_UNUSED_FUNCTION = YES;
				GCC_WARN_UNUSED_VARIABLE = YES;
				MACOSX_DEPLOYMENT_TARGET = 10.14;
				MTL_ENABLE_DEBUG_INFO = INCLUDE_SOURCE;
				MTL_FAST_MATH = YES;
				ONLY_ACTIVE_ARCH = YES;
				SDKROOT = macosx;
			};
			name = Debug;
		};
		BEC430CC227C041300AE4A9D /* Release */ = {
			isa = XCBuildConfiguration;
			buildSettings = {
				ALWAYS_SEARCH_USER_PATHS = NO;
				CLANG_ANALYZER_NONNULL = YES;
				CLANG_ANALYZER_NUMBER_OBJECT_CONVERSION = YES_AGGRESSIVE;
				CLANG_CXX_LANGUAGE_STANDARD = "gnu++14";
				CLANG_CXX_LIBRARY = "libc++";
				CLANG_ENABLE_MODULES = YES;
				CLANG_ENABLE_OBJC_ARC = YES;
				CLANG_ENABLE_OBJC_WEAK = YES;
				CLANG_WARN_BLOCK_CAPTURE_AUTORELEASING = YES;
				CLANG_WARN_BOOL_CONVERSION = YES;
				CLANG_WARN_COMMA = YES;
				CLANG_WARN_CONSTANT_CONVERSION = YES;
				CLANG_WARN_DEPRECATED_OBJC_IMPLEMENTATIONS = YES;
				CLANG_WARN_DIRECT_OBJC_ISA_USAGE = YES_ERROR;
				CLANG_WARN_DOCUMENTATION_COMMENTS = YES;
				CLANG_WARN_EMPTY_BODY = YES;
				CLANG_WARN_ENUM_CONVERSION = YES;
				CLANG_WARN_INFINITE_RECURSION = YES;
				CLANG_WARN_INT_CONVERSION = YES;
				CLANG_WARN_NON_LITERAL_NULL_CONVERSION = YES;
				CLANG_WARN_OBJC_IMPLICIT_RETAIN_SELF = YES;
				CLANG_WARN_OBJC_LITERAL_CONVERSION = YES;
				CLANG_WARN_OBJC_ROOT_CLASS = YES_ERROR;
				CLANG_WARN_RANGE_LOOP_ANALYSIS = YES;
				CLANG_WARN_STRICT_PROTOTYPES = YES;
				CLANG_WARN_SUSPICIOUS_MOVE = YES;
				CLANG_WARN_UNGUARDED_AVAILABILITY = YES_AGGRESSIVE;
				CLANG_WARN_UNREACHABLE_CODE = YES;
				CLANG_WARN__DUPLICATE_METHOD_MATCH = YES;
				CODE_SIGN_IDENTITY = "Mac Developer";
				COPY_PHASE_STRIP = NO;
				DEBUG_INFORMATION_FORMAT = "dwarf-with-dsym";
				ENABLE_NS_ASSERTIONS = NO;
				ENABLE_STRICT_OBJC_MSGSEND = YES;
				GCC_C_LANGUAGE_STANDARD = gnu11;
				GCC_NO_COMMON_BLOCKS = YES;
				GCC_WARN_64_TO_32_BIT_CONVERSION = YES;
				GCC_WARN_ABOUT_RETURN_TYPE = YES_ERROR;
				GCC_WARN_UNDECLARED_SELECTOR = YES;
				GCC_WARN_UNINITIALIZED_AUTOS = YES_AGGRESSIVE;
				GCC_WARN_UNUSED_FUNCTION = YES;
				GCC_WARN_UNUSED_VARIABLE = YES;
				MACOSX_DEPLOYMENT_TARGET = 10.14;
				MTL_ENABLE_DEBUG_INFO = NO;
				MTL_FAST_MATH = YES;
				SDKROOT = macosx;
			};
			name = Release;
		};
		BEC430CE227C041300AE4A9D /* Debug */ = {
			isa = XCBuildConfiguration;
			buildSettings = {
				CODE_SIGN_STYLE = Automatic;
				DEVELOPMENT_TEAM = V25RZP5MX5;
				PRODUCT_NAME = "$(TARGET_NAME)";
			};
			name = Debug;
		};
		BEC430CF227C041300AE4A9D /* Release */ = {
			isa = XCBuildConfiguration;
			buildSettings = {
				CODE_SIGN_STYLE = Automatic;
				DEVELOPMENT_TEAM = V25RZP5MX5;
				PRODUCT_NAME = "$(TARGET_NAME)";
			};
			name = Release;
		};
/* End XCBuildConfiguration section */

/* Begin XCConfigurationList section */
		BEC430C1227C041200AE4A9D /* Build configuration list for PBXProject "ASM2-s3652979-C++" */ = {
			isa = XCConfigurationList;
			buildConfigurations = (
				BEC430CB227C041300AE4A9D /* Debug */,
				BEC430CC227C041300AE4A9D /* Release */,
			);
			defaultConfigurationIsVisible = 0;
			defaultConfigurationName = Release;
		};
		BEC430CD227C041300AE4A9D /* Build configuration list for PBXNativeTarget "ASM2-s3652979-C++" */ = {
			isa = XCConfigurationList;
			buildConfigurations = (
				BEC430CE227C041300AE4A9D /* Debug */,
				BEC430CF227C041300AE4A9D /* Release */,
			);
			defaultConfigurationIsVisible = 0;
			defaultConfigurationName = Release;
		};
/* End XCConfigurationList section */
	};
	rootObject = BEC430BE227C041200AE4A9D /* Project object */;
}
